# THIS IS AN AUTOGENERATED FILE. DO NOT EDIT THIS FILE DIRECTLY.
# yarn lockfile v1


"@aws-crypto/ie11-detection@^1.0.0":
  version "1.0.0"
  resolved "https://registry.yarnpkg.com/@aws-crypto/ie11-detection/-/ie11-detection-1.0.0.tgz#d3a6af29ba7f15458f79c41d1cd8cac3925e726a"
  integrity sha512-kCKVhCF1oDxFYgQrxXmIrS5oaWulkvRcPz+QBDMsUr2crbF4VGgGT6+uQhSwJFdUAQ2A//Vq+uT83eJrkzFgXA==
  dependencies:
    tslib "^1.11.1"

"@aws-crypto/sha256-browser@^1.0.0":
  version "1.1.1"
  resolved "https://registry.yarnpkg.com/@aws-crypto/sha256-browser/-/sha256-browser-1.1.1.tgz#85dddf13e8f8d74c0d6592d993e4bf401da9f420"
  integrity sha512-nS4vdan97It6HcweV58WXtjPbPSc0JXd3sAwlw3Ou5Mc3WllSycAS32Tv2LRn8butNQoU9AE3jEQAOgiMdNC1Q==
  dependencies:
    "@aws-crypto/ie11-detection" "^1.0.0"
    "@aws-crypto/sha256-js" "^1.1.0"
    "@aws-crypto/supports-web-crypto" "^1.0.0"
    "@aws-sdk/types" "^3.1.0"
    "@aws-sdk/util-locate-window" "^3.0.0"
    "@aws-sdk/util-utf8-browser" "^3.0.0"
    tslib "^1.11.1"

"@aws-crypto/sha256-js@^1.0.0", "@aws-crypto/sha256-js@^1.1.0":
  version "1.1.0"
  resolved "https://registry.yarnpkg.com/@aws-crypto/sha256-js/-/sha256-js-1.1.0.tgz#a58386ad18186e392e0f1d98d18831261d27b071"
  integrity sha512-VIhuqbPgXDVr8sZe2yhgQcDRRmzf4CI8fmC1A3bHiRfE6wlz1d8KpeemqbuoEHotz/Dch9yOxlshyQDNjNFeHA==
  dependencies:
    "@aws-sdk/types" "^3.1.0"
    "@aws-sdk/util-utf8-browser" "^3.0.0"
    tslib "^1.11.1"

"@aws-crypto/supports-web-crypto@^1.0.0":
  version "1.0.0"
  resolved "https://registry.yarnpkg.com/@aws-crypto/supports-web-crypto/-/supports-web-crypto-1.0.0.tgz#c40901bc17ac1e875e248df16a2b47ad8bfd9a93"
  integrity sha512-IHLfv+WmVH89EW4n6a5eE8/hUlz6qkWGMn/v4r5ZgzcXdTC5nolii2z3k46y01hWRiC2PPhOdeSLzMUCUMco7g==
  dependencies:
    tslib "^1.11.1"

"@aws-sdk/abort-controller@3.25.0":
  version "3.25.0"
  resolved "https://registry.yarnpkg.com/@aws-sdk/abort-controller/-/abort-controller-3.25.0.tgz#a9ea250140de378d8beb6d2f427067fa30423e9e"
  integrity sha512-uEVKqKkPVz6atbCxCNJY5O7V+ieSK8crUswXo8/WePyEbGEgxJ4t9x/WG4lV8kBjelmvQHDR4GqfJmb5Sh9xSg==
  dependencies:
    "@aws-sdk/types" "3.25.0"
    tslib "^2.3.0"

"@aws-sdk/client-dynamodb@^3.26.0":
  version "3.27.0"
  resolved "https://registry.yarnpkg.com/@aws-sdk/client-dynamodb/-/client-dynamodb-3.27.0.tgz#41b52416d8b6796e3e40ba943b17e308c6fd284b"
  integrity sha512-jlG7Rqj45axVu6Km036EpO5IejYmb6iiK+2ZZqFek/y3JYNPCS6Cl29GUCgEgTlmuJ6YkRG7TdV+1hrQVndulw==
  dependencies:
    "@aws-crypto/sha256-browser" "^1.0.0"
    "@aws-crypto/sha256-js" "^1.0.0"
    "@aws-sdk/client-sts" "3.27.0"
    "@aws-sdk/config-resolver" "3.27.0"
    "@aws-sdk/credential-provider-node" "3.27.0"
    "@aws-sdk/fetch-http-handler" "3.25.0"
    "@aws-sdk/hash-node" "3.25.0"
    "@aws-sdk/invalid-dependency" "3.25.0"
    "@aws-sdk/middleware-content-length" "3.25.0"
    "@aws-sdk/middleware-endpoint-discovery" "3.27.0"
    "@aws-sdk/middleware-host-header" "3.25.0"
    "@aws-sdk/middleware-logger" "3.25.0"
    "@aws-sdk/middleware-retry" "3.27.0"
    "@aws-sdk/middleware-serde" "3.25.0"
    "@aws-sdk/middleware-signing" "3.27.0"
    "@aws-sdk/middleware-stack" "3.25.0"
    "@aws-sdk/middleware-user-agent" "3.25.0"
    "@aws-sdk/node-config-provider" "3.27.0"
    "@aws-sdk/node-http-handler" "3.25.0"
    "@aws-sdk/protocol-http" "3.25.0"
    "@aws-sdk/smithy-client" "3.27.0"
    "@aws-sdk/types" "3.25.0"
    "@aws-sdk/url-parser" "3.25.0"
    "@aws-sdk/util-base64-browser" "3.23.0"
    "@aws-sdk/util-base64-node" "3.23.0"
    "@aws-sdk/util-body-length-browser" "3.23.0"
    "@aws-sdk/util-body-length-node" "3.23.0"
    "@aws-sdk/util-user-agent-browser" "3.25.0"
    "@aws-sdk/util-user-agent-node" "3.27.0"
    "@aws-sdk/util-utf8-browser" "3.23.0"
    "@aws-sdk/util-utf8-node" "3.23.0"
    "@aws-sdk/util-waiter" "3.25.0"
    tslib "^2.3.0"
    uuid "^8.3.2"

"@aws-sdk/client-sso@3.27.0":
  version "3.27.0"
  resolved "https://registry.yarnpkg.com/@aws-sdk/client-sso/-/client-sso-3.27.0.tgz#03410e73c9511ed73cce33878d214f3406dcdbd8"
  integrity sha512-/Op+OaQgcAG/FyyqJc2NVfIJWEd1cTWIl8gBWSTUugrhhd5rMnAtg3u5ds/tYUimVQJv03z4bDjbI0Rnv/t6XQ==
  dependencies:
    "@aws-crypto/sha256-browser" "^1.0.0"
    "@aws-crypto/sha256-js" "^1.0.0"
    "@aws-sdk/config-resolver" "3.27.0"
    "@aws-sdk/fetch-http-handler" "3.25.0"
    "@aws-sdk/hash-node" "3.25.0"
    "@aws-sdk/invalid-dependency" "3.25.0"
    "@aws-sdk/middleware-content-length" "3.25.0"
    "@aws-sdk/middleware-host-header" "3.25.0"
    "@aws-sdk/middleware-logger" "3.25.0"
    "@aws-sdk/middleware-retry" "3.27.0"
    "@aws-sdk/middleware-serde" "3.25.0"
    "@aws-sdk/middleware-stack" "3.25.0"
    "@aws-sdk/middleware-user-agent" "3.25.0"
    "@aws-sdk/node-config-provider" "3.27.0"
    "@aws-sdk/node-http-handler" "3.25.0"
    "@aws-sdk/protocol-http" "3.25.0"
    "@aws-sdk/smithy-client" "3.27.0"
    "@aws-sdk/types" "3.25.0"
    "@aws-sdk/url-parser" "3.25.0"
    "@aws-sdk/util-base64-browser" "3.23.0"
    "@aws-sdk/util-base64-node" "3.23.0"
    "@aws-sdk/util-body-length-browser" "3.23.0"
    "@aws-sdk/util-body-length-node" "3.23.0"
    "@aws-sdk/util-user-agent-browser" "3.25.0"
    "@aws-sdk/util-user-agent-node" "3.27.0"
    "@aws-sdk/util-utf8-browser" "3.23.0"
    "@aws-sdk/util-utf8-node" "3.23.0"
    tslib "^2.3.0"

"@aws-sdk/client-sts@3.27.0":
  version "3.27.0"
  resolved "https://registry.yarnpkg.com/@aws-sdk/client-sts/-/client-sts-3.27.0.tgz#ed1c63f5ba8497e95cd84a569c44b7c1b72e49ce"
  integrity sha512-QagsjULn6eacR/IL9d/nky17jUcqnbeShrHGrAyOhAXtehG3g2kkFcGbFy30iNw8gl1LteZL9dslpPFdWIEI1A==
  dependencies:
    "@aws-crypto/sha256-browser" "^1.0.0"
    "@aws-crypto/sha256-js" "^1.0.0"
    "@aws-sdk/config-resolver" "3.27.0"
    "@aws-sdk/credential-provider-node" "3.27.0"
    "@aws-sdk/fetch-http-handler" "3.25.0"
    "@aws-sdk/hash-node" "3.25.0"
    "@aws-sdk/invalid-dependency" "3.25.0"
    "@aws-sdk/middleware-content-length" "3.25.0"
    "@aws-sdk/middleware-host-header" "3.25.0"
    "@aws-sdk/middleware-logger" "3.25.0"
    "@aws-sdk/middleware-retry" "3.27.0"
    "@aws-sdk/middleware-sdk-sts" "3.27.0"
    "@aws-sdk/middleware-serde" "3.25.0"
    "@aws-sdk/middleware-signing" "3.27.0"
    "@aws-sdk/middleware-stack" "3.25.0"
    "@aws-sdk/middleware-user-agent" "3.25.0"
    "@aws-sdk/node-config-provider" "3.27.0"
    "@aws-sdk/node-http-handler" "3.25.0"
    "@aws-sdk/protocol-http" "3.25.0"
    "@aws-sdk/smithy-client" "3.27.0"
    "@aws-sdk/types" "3.25.0"
    "@aws-sdk/url-parser" "3.25.0"
    "@aws-sdk/util-base64-browser" "3.23.0"
    "@aws-sdk/util-base64-node" "3.23.0"
    "@aws-sdk/util-body-length-browser" "3.23.0"
    "@aws-sdk/util-body-length-node" "3.23.0"
    "@aws-sdk/util-user-agent-browser" "3.25.0"
    "@aws-sdk/util-user-agent-node" "3.27.0"
    "@aws-sdk/util-utf8-browser" "3.23.0"
    "@aws-sdk/util-utf8-node" "3.23.0"
    entities "2.2.0"
    fast-xml-parser "3.19.0"
    tslib "^2.3.0"

"@aws-sdk/config-resolver@3.27.0":
  version "3.27.0"
  resolved "https://registry.yarnpkg.com/@aws-sdk/config-resolver/-/config-resolver-3.27.0.tgz#48a5333c4f83a5ddff5345d450a2d8fd6a48f6a6"
  integrity sha512-gc7dfBzdmUHJamMjOc0bzAkIm3VUIK9kbLQSy0+nfjT641+AYvXO3qpjR6ywvutsbKhBg5kyGn/4QhyRxg61OQ==
  dependencies:
    "@aws-sdk/signature-v4" "3.25.0"
    "@aws-sdk/types" "3.25.0"
    tslib "^2.3.0"

"@aws-sdk/credential-provider-env@3.27.0":
  version "3.27.0"
  resolved "https://registry.yarnpkg.com/@aws-sdk/credential-provider-env/-/credential-provider-env-3.27.0.tgz#ab252e7fecf6ff33a96bdcbc87aa6935d6bc6d84"
  integrity sha512-IbPdlYl0A5GcpuT394cJceexxo0tzUzC7jIUxqL8gNbB/MIXC5ZlkeX9Z7bYloNb8SXk7GumXyQTsK1CchUvQA==
  dependencies:
    "@aws-sdk/property-provider" "3.27.0"
    "@aws-sdk/types" "3.25.0"
    tslib "^2.3.0"

"@aws-sdk/credential-provider-imds@3.27.0":
  version "3.27.0"
  resolved "https://registry.yarnpkg.com/@aws-sdk/credential-provider-imds/-/credential-provider-imds-3.27.0.tgz#6137877388b6f583021597515a2454978679f5b5"
  integrity sha512-rhzlEvxiB7ecpVDl3NkjP1vPmqs+HHmqNXrK4efOYshwIbu+/h3xPePQMBOQ0AGezYn3k/iumoXXysVhVqtwUA==
  dependencies:
    "@aws-sdk/node-config-provider" "3.27.0"
    "@aws-sdk/property-provider" "3.27.0"
    "@aws-sdk/types" "3.25.0"
    "@aws-sdk/url-parser" "3.25.0"
    tslib "^2.3.0"

"@aws-sdk/credential-provider-ini@3.27.0":
  version "3.27.0"
  resolved "https://registry.yarnpkg.com/@aws-sdk/credential-provider-ini/-/credential-provider-ini-3.27.0.tgz#3e93cf49ea90ca042fd367d85feed47fd2952417"
  integrity sha512-jvWUDz6nFqUvjmPRebwf1mWsOZ+inmZNQxz20DC/ROCRfGF1y8Yqf7KgCJy8MQOlDdTA4lPS+w6OJ0J/OOGbPg==
  dependencies:
    "@aws-sdk/credential-provider-env" "3.27.0"
    "@aws-sdk/credential-provider-imds" "3.27.0"
    "@aws-sdk/credential-provider-sso" "3.27.0"
    "@aws-sdk/credential-provider-web-identity" "3.27.0"
    "@aws-sdk/property-provider" "3.27.0"
    "@aws-sdk/shared-ini-file-loader" "3.23.0"
    "@aws-sdk/types" "3.25.0"
    "@aws-sdk/util-credentials" "3.23.0"
    tslib "^2.3.0"

"@aws-sdk/credential-provider-node@3.27.0":
  version "3.27.0"
  resolved "https://registry.yarnpkg.com/@aws-sdk/credential-provider-node/-/credential-provider-node-3.27.0.tgz#8e8bb4a76d1074160a3c4f919490b061cc357765"
  integrity sha512-GfCDX/AA7EJKyVGmNnh3wngWfEWFkuNJyend6FLN+81s3kUpXTkILuZCwQrD9AyjBYR2ksv0t929nW2fBUGT9Q==
  dependencies:
    "@aws-sdk/credential-provider-env" "3.27.0"
    "@aws-sdk/credential-provider-imds" "3.27.0"
    "@aws-sdk/credential-provider-ini" "3.27.0"
    "@aws-sdk/credential-provider-process" "3.27.0"
    "@aws-sdk/credential-provider-sso" "3.27.0"
    "@aws-sdk/credential-provider-web-identity" "3.27.0"
    "@aws-sdk/property-provider" "3.27.0"
    "@aws-sdk/shared-ini-file-loader" "3.23.0"
    "@aws-sdk/types" "3.25.0"
    "@aws-sdk/util-credentials" "3.23.0"
    tslib "^2.3.0"

"@aws-sdk/credential-provider-process@3.27.0":
  version "3.27.0"
  resolved "https://registry.yarnpkg.com/@aws-sdk/credential-provider-process/-/credential-provider-process-3.27.0.tgz#0c4677ac32b2617034c0db32e3327fa050558423"
  integrity sha512-F9pqKKnd5+fwoldVQJX9uLbDyPyIDnCpZGbiTw6BZANZM1qhjoEn7rNE5g2h0tkeq4dWMA9bANKMR4j3YhTpXw==
  dependencies:
    "@aws-sdk/property-provider" "3.27.0"
    "@aws-sdk/shared-ini-file-loader" "3.23.0"
    "@aws-sdk/types" "3.25.0"
    "@aws-sdk/util-credentials" "3.23.0"
    tslib "^2.3.0"

"@aws-sdk/credential-provider-sso@3.27.0":
  version "3.27.0"
  resolved "https://registry.yarnpkg.com/@aws-sdk/credential-provider-sso/-/credential-provider-sso-3.27.0.tgz#b4d32f3d9ce1732c6df5f55ef88d2603cdafabf2"
  integrity sha512-yXyy+/FYFtpnRmPBiw5rxwSQBj1pcI0R+z77EA8a8+tozZPjsIri+xBsU62DtIlv/2yVb/goPgw+w2vg0L4NFw==
  dependencies:
    "@aws-sdk/client-sso" "3.27.0"
    "@aws-sdk/property-provider" "3.27.0"
    "@aws-sdk/shared-ini-file-loader" "3.23.0"
    "@aws-sdk/types" "3.25.0"
    "@aws-sdk/util-credentials" "3.23.0"
    tslib "^2.3.0"

"@aws-sdk/credential-provider-web-identity@3.27.0":
  version "3.27.0"
  resolved "https://registry.yarnpkg.com/@aws-sdk/credential-provider-web-identity/-/credential-provider-web-identity-3.27.0.tgz#f3a2e8b7d55c36f3fd9f9aeaf210d3fdad01e712"
  integrity sha512-FYvDzB4UqmJjY+ZZoIAPM1EFK9/RdNn1VT5xvDcebQe7xKOVUG1tZbOA4rVZ3MUcxfyRqp7Ou/AhIWu/9RSt2Q==
  dependencies:
    "@aws-sdk/property-provider" "3.27.0"
    "@aws-sdk/types" "3.25.0"
    tslib "^2.3.0"

"@aws-sdk/endpoint-cache@3.23.0":
  version "3.23.0"
  resolved "https://registry.yarnpkg.com/@aws-sdk/endpoint-cache/-/endpoint-cache-3.23.0.tgz#c20a057b432db91951fdb53c92fb0f680f917213"
  integrity sha512-Yhe1JvrTEA+BQuT/wfwvYDMqozB4GKXVRA4ZzU5VhkvMwbWd7/xGzDLQ0JG7jtYX3TwRYsBLI1XdQ1oYG3bmrQ==
  dependencies:
    mnemonist "0.38.3"
    tslib "^2.3.0"

"@aws-sdk/fetch-http-handler@3.25.0":
  version "3.25.0"
  resolved "https://registry.yarnpkg.com/@aws-sdk/fetch-http-handler/-/fetch-http-handler-3.25.0.tgz#0ba013ced267b8ead120be1fcba5bdbbc379b82f"
  integrity sha512-792kkbfSRBdiFb7Q2cDJts9MKxzAwuQSwUIwRKAOMazU8HkKbKnXXAFSsK3T7VasOFOh7O7YEGN0q9UgEw1q+g==
  dependencies:
    "@aws-sdk/protocol-http" "3.25.0"
    "@aws-sdk/querystring-builder" "3.25.0"
    "@aws-sdk/types" "3.25.0"
    "@aws-sdk/util-base64-browser" "3.23.0"
    tslib "^2.3.0"

"@aws-sdk/hash-node@3.25.0":
  version "3.25.0"
  resolved "https://registry.yarnpkg.com/@aws-sdk/hash-node/-/hash-node-3.25.0.tgz#b149ddf170f4038c7cc3afe8f12e21b0f63e0771"
  integrity sha512-qRn6iqG9VLt8D29SBABcbauDLn92ssMjtpyVApiOhDYyFm2VA2avomOHD6y2PRBMwM5FMQAygZbpA2HIN2F96w==
  dependencies:
    "@aws-sdk/types" "3.25.0"
    "@aws-sdk/util-buffer-from" "3.23.0"
    tslib "^2.3.0"

"@aws-sdk/invalid-dependency@3.25.0":
  version "3.25.0"
  resolved "https://registry.yarnpkg.com/@aws-sdk/invalid-dependency/-/invalid-dependency-3.25.0.tgz#a75dfb7e86a0e1eb6083b61397dc49a1db041434"
  integrity sha512-ZBXjBAF2JSiO/wGBa1oaXsd1q5YG3diS8TfIUMXeQoe9O66R5LGoGOQeAbB/JjlwFot6DZfAcfocvl6CtWwqkw==
  dependencies:
    "@aws-sdk/types" "3.25.0"
    tslib "^2.3.0"

"@aws-sdk/is-array-buffer@3.23.0":
  version "3.23.0"
  resolved "https://registry.yarnpkg.com/@aws-sdk/is-array-buffer/-/is-array-buffer-3.23.0.tgz#3a5d601b0102ea3a4d832bde647509c8405b2ec9"
  integrity sha512-XN20/scFthok0lCbjtinW77CoIBoar8cbOzmu+HkYTnBBpJrF6Ai5g9sgglO8r+X+OLn4PrDrTP+BxdpNuIh9g==
  dependencies:
    tslib "^2.3.0"

"@aws-sdk/lib-dynamodb@^3.26.0":
  version "3.27.0"
  resolved "https://registry.yarnpkg.com/@aws-sdk/lib-dynamodb/-/lib-dynamodb-3.27.0.tgz#1b3907fe9ab31679e5f4be728384ea34c2072bf6"
  integrity sha512-wtSN/nnKakzu7aQuyrb66GAr2U8IkqgLWSPm/9vjUcHNYEZ796X3fiT6PMOQ/IqSLjHftFWQ8UwQIIfLO+7APg==
  dependencies:
    tslib "^2.3.0"

"@aws-sdk/middleware-content-length@3.25.0":
  version "3.25.0"
  resolved "https://registry.yarnpkg.com/@aws-sdk/middleware-content-length/-/middleware-content-length-3.25.0.tgz#71031d326e52f788396e0ed8216410840059ac53"
  integrity sha512-uOXus0MmZi/mucRIr5yfwM1vDhYG66CujNfnhyEaq5f4kcDA1Q5qPWSn9dkQPV9JWTZK3WTuYiOPSgtmlAYTAg==
  dependencies:
    "@aws-sdk/protocol-http" "3.25.0"
    "@aws-sdk/types" "3.25.0"
    tslib "^2.3.0"

"@aws-sdk/middleware-endpoint-discovery@3.27.0":
  version "3.27.0"
  resolved "https://registry.yarnpkg.com/@aws-sdk/middleware-endpoint-discovery/-/middleware-endpoint-discovery-3.27.0.tgz#6bc268f6136393e107efcc7e6e4873ada1270ebb"
  integrity sha512-RmUAePYGmDepRJM/J9Xbm6aKfvislGpTURoCNPBTSEYtSRNBWMJAp3dC/AS9kctwSjcWFral8UdLLCh92EFVZw==
  dependencies:
    "@aws-sdk/config-resolver" "3.27.0"
    "@aws-sdk/endpoint-cache" "3.23.0"
    "@aws-sdk/protocol-http" "3.25.0"
    "@aws-sdk/types" "3.25.0"
    tslib "^2.3.0"

"@aws-sdk/middleware-host-header@3.25.0":
  version "3.25.0"
  resolved "https://registry.yarnpkg.com/@aws-sdk/middleware-host-header/-/middleware-host-header-3.25.0.tgz#f08dd8c45362cf5cb152c478027092e3d1f4aa58"
  integrity sha512-xKD/CfsUS3ul2VaQ3IgIUXgA7jU2/Guo/DUhYKrLZTOxm0nuvsIFw0RqSCtRBCLptE5Qi+unkc1LcFDbfqrRbg==
  dependencies:
    "@aws-sdk/protocol-http" "3.25.0"
    "@aws-sdk/types" "3.25.0"
    tslib "^2.3.0"

"@aws-sdk/middleware-logger@3.25.0":
  version "3.25.0"
  resolved "https://registry.yarnpkg.com/@aws-sdk/middleware-logger/-/middleware-logger-3.25.0.tgz#03294611be7a2f4aba06e9d80e04318c0991d769"
  integrity sha512-M1F7BlAsDKoEM8hBaU2pHlLSM40rzzgtZ6jFNhfmTwGcjxe1N7JXCH5QPa7aI8wnJq2RoIRHVfVsUH4GwvOZnA==
  dependencies:
    "@aws-sdk/types" "3.25.0"
    tslib "^2.3.0"

"@aws-sdk/middleware-retry@3.27.0":
  version "3.27.0"
  resolved "https://registry.yarnpkg.com/@aws-sdk/middleware-retry/-/middleware-retry-3.27.0.tgz#72adf03c3b025748b905fac1cb1b7f4719776573"
  integrity sha512-H57NP27qOxgbPRwCFkBYtAJylhAOWKSv3/TsCpDNnrb3Z0pqKUQH9mLC8hRGTRplkA7SDGfiuf9bsoNhZ3HFwQ==
  dependencies:
    "@aws-sdk/protocol-http" "3.25.0"
    "@aws-sdk/service-error-classification" "3.25.0"
    "@aws-sdk/types" "3.25.0"
    tslib "^2.3.0"
    uuid "^8.3.2"

"@aws-sdk/middleware-sdk-sts@3.27.0":
  version "3.27.0"
  resolved "https://registry.yarnpkg.com/@aws-sdk/middleware-sdk-sts/-/middleware-sdk-sts-3.27.0.tgz#6192953a43eb8fc9a826f06aced5a5ac8d4a5ac7"
  integrity sha512-4geCMczCujTz4GWSrwKhxEW9rYikp5NrLcIpHI0NjthQQfa8T4/D1WSsSnW3JNmQcMgQXeC9h8jTn0dOE4EhUw==
  dependencies:
    "@aws-sdk/middleware-signing" "3.27.0"
    "@aws-sdk/property-provider" "3.27.0"
    "@aws-sdk/protocol-http" "3.25.0"
    "@aws-sdk/signature-v4" "3.25.0"
    "@aws-sdk/types" "3.25.0"
    tslib "^2.3.0"

"@aws-sdk/middleware-serde@3.25.0":
  version "3.25.0"
  resolved "https://registry.yarnpkg.com/@aws-sdk/middleware-serde/-/middleware-serde-3.25.0.tgz#e1284ed4af64b4444cfeb7b5275f489418fa2f58"
  integrity sha512-065Kugo8yXzBkcVAxctxFCHKlHcINnaQRsJ8ifvgc+UOEgvTG9+LfGWDwfdgarW9CkF7RkCoZOyaqFsO+HJWsg==
  dependencies:
    "@aws-sdk/types" "3.25.0"
    tslib "^2.3.0"

"@aws-sdk/middleware-signing@3.27.0":
  version "3.27.0"
  resolved "https://registry.yarnpkg.com/@aws-sdk/middleware-signing/-/middleware-signing-3.27.0.tgz#3b588538ea86b2de23c415052f74dcf675d18ced"
  integrity sha512-eOXwKOFuCIGAW3wZO9Cyh+z7swZYTq8BiBDjwWu6u0UBb5B/zMiq1z1LDa88iZY200O3Zip8+6RZV7LLd3XH+Q==
  dependencies:
    "@aws-sdk/property-provider" "3.27.0"
    "@aws-sdk/protocol-http" "3.25.0"
    "@aws-sdk/signature-v4" "3.25.0"
    "@aws-sdk/types" "3.25.0"
    tslib "^2.3.0"

"@aws-sdk/middleware-stack@3.25.0":
  version "3.25.0"
  resolved "https://registry.yarnpkg.com/@aws-sdk/middleware-stack/-/middleware-stack-3.25.0.tgz#8fc022c90b030c80308bf2930c4a7040052234b4"
  integrity sha512-s2VgdsasOVKHY3/SIGsw9AeZMMsdcIbBGWim9n5IO3j8C8y54EdRLVCEja8ePvMDZKIzuummwatYPHaUrnqPtQ==
  dependencies:
    tslib "^2.3.0"

"@aws-sdk/middleware-user-agent@3.25.0":
  version "3.25.0"
  resolved "https://registry.yarnpkg.com/@aws-sdk/middleware-user-agent/-/middleware-user-agent-3.25.0.tgz#2033da6cdcfbf4641b991e3ee3c60ba9809898e7"
  integrity sha512-HXd/Qknq8Cp7fzJYU7jDDpN7ReJ3arUrnt+dAPNaDDrhmrBbCZp+24UXN6X6DAj0JICRoRuF/l7KxjwdF5FShw==
  dependencies:
    "@aws-sdk/protocol-http" "3.25.0"
    "@aws-sdk/types" "3.25.0"
    tslib "^2.3.0"

"@aws-sdk/node-config-provider@3.27.0":
  version "3.27.0"
  resolved "https://registry.yarnpkg.com/@aws-sdk/node-config-provider/-/node-config-provider-3.27.0.tgz#684a5c126375c7c154464345f4c24ac4d37395f7"
  integrity sha512-5jeCLV7NI/ouQCMGDnGbxpCBhGirksXY55uvAaeysMxzjJLmPDwOZUD1gMhfYe8lxvktwhAndOdPQofWwTFUoQ==
  dependencies:
    "@aws-sdk/property-provider" "3.27.0"
    "@aws-sdk/shared-ini-file-loader" "3.23.0"
    "@aws-sdk/types" "3.25.0"
    tslib "^2.3.0"

"@aws-sdk/node-http-handler@3.25.0":
  version "3.25.0"
  resolved "https://registry.yarnpkg.com/@aws-sdk/node-http-handler/-/node-http-handler-3.25.0.tgz#b636ea2c39b4a47cf9bffd4cdb6a41c603b99bff"
  integrity sha512-zVeAM/bXewZiuMtcUZI/xGDID6knkzOv73ueVkzUbP0Ki8bfao7diR3hMbIt5Fy/r8cAVjJce9v6zFqo4sr1WA==
  dependencies:
    "@aws-sdk/abort-controller" "3.25.0"
    "@aws-sdk/protocol-http" "3.25.0"
    "@aws-sdk/querystring-builder" "3.25.0"
    "@aws-sdk/types" "3.25.0"
    tslib "^2.3.0"

"@aws-sdk/property-provider@3.27.0":
  version "3.27.0"
  resolved "https://registry.yarnpkg.com/@aws-sdk/property-provider/-/property-provider-3.27.0.tgz#cde0ecb63ebcf0065f9697f6c1bd6396de9b8f26"
  integrity sha512-8vovVNldgJwCpUfehdwUPwvzfUPB7TEW/tcTgrkLQW/cpEULbRrymtiZrzSkBLspNw2iU5d3FpQxE61s1ou0UA==
  dependencies:
    "@aws-sdk/types" "3.25.0"
    tslib "^2.3.0"

"@aws-sdk/protocol-http@3.25.0":
  version "3.25.0"
  resolved "https://registry.yarnpkg.com/@aws-sdk/protocol-http/-/protocol-http-3.25.0.tgz#4b638cb90672fc2d6cb6d15bebc8bb1fb297da2e"
  integrity sha512-4Jebt5G8uIFa+HZO7KOgOtA66E/CXysQekiV5dfAsU8ca+rX5PB6qhpWZ2unX/l6He+oDQ0zMoW70JkNiP4/4w==
  dependencies:
    "@aws-sdk/types" "3.25.0"
    tslib "^2.3.0"

"@aws-sdk/querystring-builder@3.25.0":
  version "3.25.0"
  resolved "https://registry.yarnpkg.com/@aws-sdk/querystring-builder/-/querystring-builder-3.25.0.tgz#9e6f5eaa5d6805fbf45ae4a47ccbaf823584a4a2"
  integrity sha512-o/R3/viOxjWckI+kepkxJSL7fIdg1hHYOW/rOpo9HbXS0CJrHVnB8vlBb+Xwl1IFyY2gg+5YZTjiufcgpgRBkw==
  dependencies:
    "@aws-sdk/types" "3.25.0"
    "@aws-sdk/util-uri-escape" "3.23.0"
    tslib "^2.3.0"

"@aws-sdk/querystring-parser@3.25.0":
  version "3.25.0"
  resolved "https://registry.yarnpkg.com/@aws-sdk/querystring-parser/-/querystring-parser-3.25.0.tgz#7fe0a3ddf95a4e5475f53be056fce435fb24b774"
  integrity sha512-FCNyaOLFLVS5j43MhVA7/VJUDX0t/9RyNTNulHgzFjj6ffsgqcY0uwUq1RO3QCL4asl56zOrLVJgK+Z7wMbvFg==
  dependencies:
    "@aws-sdk/types" "3.25.0"
    tslib "^2.3.0"

"@aws-sdk/service-error-classification@3.25.0":
  version "3.25.0"
  resolved "https://registry.yarnpkg.com/@aws-sdk/service-error-classification/-/service-error-classification-3.25.0.tgz#1f24fe74f0a89f00d4f6f2ad1d7bb6b0e2f871e7"
  integrity sha512-66FfIab87LnnHtOLrGrVOht9Pw6lE8appyOpBdtoeoU5DP7ARSWuDdsYmKdGdRCWvn/RaVFbSYua9k0M1WsGqg==

"@aws-sdk/shared-ini-file-loader@3.23.0":
  version "3.23.0"
  resolved "https://registry.yarnpkg.com/@aws-sdk/shared-ini-file-loader/-/shared-ini-file-loader-3.23.0.tgz#574901a31e65e425632a9cae6a64f6382a2b76e8"
  integrity sha512-YUp46l6E3dLKHp1cKMkZI4slTjsVc/Lm7nPCTVc3oQvZ1MvC99N/jMCmZ7X5YYofuAUSdc9eJ8sYiF2BnUww9g==
  dependencies:
    tslib "^2.3.0"

"@aws-sdk/signature-v4@3.25.0":
  version "3.25.0"
  resolved "https://registry.yarnpkg.com/@aws-sdk/signature-v4/-/signature-v4-3.25.0.tgz#c7fb8184a09593ef6dc62029ca45e252b51247b2"
  integrity sha512-6KDRRz9XVrj9RxrBLC6dzfnb2TDl3CjIzcNpLdRuKFgzEEdwV+5D+EZuAQU3MuHG5pWTIwG72k/dmCbJ2MDPUQ==
  dependencies:
    "@aws-sdk/is-array-buffer" "3.23.0"
    "@aws-sdk/types" "3.25.0"
    "@aws-sdk/util-hex-encoding" "3.23.0"
    "@aws-sdk/util-uri-escape" "3.23.0"
    tslib "^2.3.0"

"@aws-sdk/smithy-client@3.27.0":
  version "3.27.0"
  resolved "https://registry.yarnpkg.com/@aws-sdk/smithy-client/-/smithy-client-3.27.0.tgz#f01c22abf7f4f32a0d40a6288e452c5b4a461d54"
  integrity sha512-PpsSDUsRqw8HGuXv+AR2UzhVUJz4APM7K6Br8TTDPKvDwQtXkT5GROXRyAwU+htPcOHq006lS5EiF343y0HRvg==
  dependencies:
    "@aws-sdk/middleware-stack" "3.25.0"
    "@aws-sdk/types" "3.25.0"
    tslib "^2.3.0"

"@aws-sdk/types@3.25.0", "@aws-sdk/types@^3.1.0":
  version "3.25.0"
  resolved "https://registry.yarnpkg.com/@aws-sdk/types/-/types-3.25.0.tgz#981210272dae2d259130f6dca8429522d9a564bb"
  integrity sha512-vS0+cTKwj6CujlR07HmeEBxzWPWSrdmZMYnxn/QC9KW9dFu0lsyCGSCqWsFluI6GI0flsnYYWNkP5y4bfD9tqg==

"@aws-sdk/url-parser@3.25.0":
  version "3.25.0"
  resolved "https://registry.yarnpkg.com/@aws-sdk/url-parser/-/url-parser-3.25.0.tgz#668c7d9d4bc21854c10bfb8bdf762a9206776fae"
  integrity sha512-qZ3Vq0NjHsE7Qq6R5NVRswIAsiyYjCDnAV+/Vt4jU/K0V3mGumiasiJyRyblW4Da8R6kfcJk0mHSMFRJfoHh8Q==
  dependencies:
    "@aws-sdk/querystring-parser" "3.25.0"
    "@aws-sdk/types" "3.25.0"
    tslib "^2.3.0"

"@aws-sdk/util-base64-browser@3.23.0":
  version "3.23.0"
  resolved "https://registry.yarnpkg.com/@aws-sdk/util-base64-browser/-/util-base64-browser-3.23.0.tgz#61594ac9529756361c81ece287548ab5b8c5a768"
  integrity sha512-xlI/qw+uhLJWa3k0mRtRHQ42v5QzsMFEUXScredQMfJ/34qzXyocsG6OHPOTV1I8WSANrxnHR5m1Ae3iU6JuVw==
  dependencies:
    tslib "^2.3.0"

"@aws-sdk/util-base64-node@3.23.0":
  version "3.23.0"
  resolved "https://registry.yarnpkg.com/@aws-sdk/util-base64-node/-/util-base64-node-3.23.0.tgz#d0da9ed6b8aaa7513ba4b36a20b4794c72c074ce"
  integrity sha512-Kf8JIAUtjrPcD5CJzrig2B5CtegWswUNpW4zBarww/UJhHlp8WzKlCxxA+yNS1ghT0ZMjrRvxPabKDGpkyUfmQ==
  dependencies:
    "@aws-sdk/util-buffer-from" "3.23.0"
    tslib "^2.3.0"

"@aws-sdk/util-body-length-browser@3.23.0":
  version "3.23.0"
  resolved "https://registry.yarnpkg.com/@aws-sdk/util-body-length-browser/-/util-body-length-browser-3.23.0.tgz#1a5c5e7ea5e15d93bd178021c54d2ea41faeb1cd"
  integrity sha512-Bi6u/5omQbOBSB5BxqVvaPgVplLRjhhSuqK3XAukbeBPh7lcibIBdy7YvbhQyl4i8Hb2QjFnqqfzA0lNBe5eiw==
  dependencies:
    tslib "^2.3.0"

"@aws-sdk/util-body-length-node@3.23.0":
  version "3.23.0"
  resolved "https://registry.yarnpkg.com/@aws-sdk/util-body-length-node/-/util-body-length-node-3.23.0.tgz#2a7890b4fa6de78a042db9537a67f90ccb2a3034"
  integrity sha512-8kSczloA78mikPaJ742SU9Wpwfcz3HOruoXiP/pOy69UZEsMe4P7zTZI1bo8BAp7j6IFUPCXth9E3UAtkbz+CQ==
  dependencies:
    tslib "^2.3.0"

"@aws-sdk/util-buffer-from@3.23.0":
  version "3.23.0"
  resolved "https://registry.yarnpkg.com/@aws-sdk/util-buffer-from/-/util-buffer-from-3.23.0.tgz#3bc02f50c6e8a5c2b9db61faeb3bebc9de701c3b"
  integrity sha512-axXy1FvEOM1uECgMPmyHF1S3Hd7JI+BerhhcAlGig0bbqUsZVQUNL9yhOsWreA+nf1v08Ucj8P2SHPCT9Hvpgg==
  dependencies:
    "@aws-sdk/is-array-buffer" "3.23.0"
    tslib "^2.3.0"

"@aws-sdk/util-credentials@3.23.0":
  version "3.23.0"
  resolved "https://registry.yarnpkg.com/@aws-sdk/util-credentials/-/util-credentials-3.23.0.tgz#6b3138c3853c72adc93c3f57e8fb28f58ffdc364"
  integrity sha512-6TDGZnFa0kZr+vSsWXXMfWt347jbMGKtzGnBxbrmiQgZMijz9s/wLYxsjglZ+CyqI/QrSMOTtqy6mEgJxdnGWQ==
  dependencies:
    "@aws-sdk/shared-ini-file-loader" "3.23.0"
    tslib "^2.3.0"

"@aws-sdk/util-dynamodb@^3.26.0":
  version "3.27.0"
  resolved "https://registry.yarnpkg.com/@aws-sdk/util-dynamodb/-/util-dynamodb-3.27.0.tgz#b1fa2e82bb425fc3577583a18f905ed4cfba05d5"
  integrity sha512-ZrgkiaLYtEq3p2R3RwaiomzkK/uJhqKnDBv/Cm9rhcWOoAbn/rzrS57vTxN46cXJ1jGDvQOhwF2JREMCzYB08Q==
  dependencies:
    tslib "^2.3.0"

"@aws-sdk/util-hex-encoding@3.23.0":
  version "3.23.0"
  resolved "https://registry.yarnpkg.com/@aws-sdk/util-hex-encoding/-/util-hex-encoding-3.23.0.tgz#a8de34faf9e51dd4be379be0e9d3bdc093ae6bf4"
  integrity sha512-RFDCwNrJMmmPSMVRadxRNePqTXGwtL9s4844x44D0bbGg1TdC42rrg0PRKYkxFL7wd1FbibVQOzciZAvzF+Z+w==
  dependencies:
    tslib "^2.3.0"

"@aws-sdk/util-locate-window@^3.0.0":
  version "3.23.0"
  resolved "https://registry.yarnpkg.com/@aws-sdk/util-locate-window/-/util-locate-window-3.23.0.tgz#e9bf2a023dce2ea1d13ec2e8c7c92abb333a1442"
  integrity sha512-mM8kWW7SWIxCshkNllpYqCQi5SzwJ+sv5nURhtquOB5/H3qGqZm0V5lUE3qpE1AYmqKwk6qbGUy1woFn1T5nrw==
  dependencies:
    tslib "^2.3.0"

"@aws-sdk/util-uri-escape@3.23.0":
  version "3.23.0"
  resolved "https://registry.yarnpkg.com/@aws-sdk/util-uri-escape/-/util-uri-escape-3.23.0.tgz#52539674966eb456d65408d9028ed114e94dfd49"
  integrity sha512-SvQx2E/FDlI5vLT67wwn/k1j2R/G58tYj4Te6GNgEwPGL43X2+7c0+d/WTgndMaRvxSBHZMUTxBYh1HOeU7loA==
  dependencies:
    tslib "^2.3.0"

"@aws-sdk/util-user-agent-browser@3.25.0":
  version "3.25.0"
  resolved "https://registry.yarnpkg.com/@aws-sdk/util-user-agent-browser/-/util-user-agent-browser-3.25.0.tgz#a0f480f1a5b10350370643445b09413102187935"
  integrity sha512-qGqiWfs49NRmQVXPsBXgMRVkjDZocicU0V2wak98e0t7TOI+KmP8hnwsTkE6c4KwhsFOOUhAzjn5zk3kOwi6tQ==
  dependencies:
    "@aws-sdk/types" "3.25.0"
    bowser "^2.11.0"
    tslib "^2.3.0"

"@aws-sdk/util-user-agent-node@3.27.0":
  version "3.27.0"
  resolved "https://registry.yarnpkg.com/@aws-sdk/util-user-agent-node/-/util-user-agent-node-3.27.0.tgz#2a527174921ef7cf09e2cab3c722f201f0710f42"
  integrity sha512-jigZzAuhEnaLFeYEDGKQq8tas8OsT6qI7WAm/UnCXqtLhdnIu7u1yPhXk+TjI7SSn4Z6zP6Oh1qtFxzhpPmdoQ==
  dependencies:
    "@aws-sdk/node-config-provider" "3.27.0"
    "@aws-sdk/types" "3.25.0"
    tslib "^2.3.0"

"@aws-sdk/util-utf8-browser@3.23.0", "@aws-sdk/util-utf8-browser@^3.0.0":
  version "3.23.0"
  resolved "https://registry.yarnpkg.com/@aws-sdk/util-utf8-browser/-/util-utf8-browser-3.23.0.tgz#dff7e891c67936de677b7d7a6c796e5c2e1b1510"
  integrity sha512-fSB95AKnvCnAbCd7o0xLbErfAgD9wnLCaEu23AgfGAiaG3nFF8Z2+wtjebU/9Z4RI9d/x83Ho/yguRnJdkMsPA==
  dependencies:
    tslib "^2.3.0"

"@aws-sdk/util-utf8-node@3.23.0":
  version "3.23.0"
  resolved "https://registry.yarnpkg.com/@aws-sdk/util-utf8-node/-/util-utf8-node-3.23.0.tgz#9f9fe76745c79c8a148f15d78e9a5c03d2bf0441"
  integrity sha512-yao8+8okyfCxRvxZe3GBdO7lJnQEBf3P6rDgleOQD/0DZmMjOQGXCvDd42oagE2TegXhkUnJfVOZU2GqdoR0hg==
  dependencies:
    "@aws-sdk/util-buffer-from" "3.23.0"
    tslib "^2.3.0"

"@aws-sdk/util-waiter@3.25.0":
  version "3.25.0"
  resolved "https://registry.yarnpkg.com/@aws-sdk/util-waiter/-/util-waiter-3.25.0.tgz#cd2252c99f335e461134f55c3b7eb89ef6893dca"
  integrity sha512-rhJ7Q2fcPD8y4H0qNEpaspkSUya0OaNcVrca9wCZKs7jWnropPzrQ+e2MH7fWJ/8jgcBV890+Txr4fWkD4J01g==
  dependencies:
    "@aws-sdk/abort-controller" "3.25.0"
    "@aws-sdk/types" "3.25.0"
    tslib "^2.3.0"

ajv@^6.12.3:
  version "6.12.6"
  resolved "https://registry.yarnpkg.com/ajv/-/ajv-6.12.6.tgz#baf5a62e802b07d977034586f8c3baf5adf26df4"
  integrity sha512-j3fVLgvTo527anyYyJOGTYJbG+vnnQYvE0m5mmkc1TK+nxAppkCLMIL0aZ4dblVCNoGShhm+kzE4ZUykBoMg4g==
  dependencies:
    fast-deep-equal "^3.1.1"
    fast-json-stable-stringify "^2.0.0"
    json-schema-traverse "^0.4.1"
    uri-js "^4.2.2"

asn1@~0.2.3:
  version "0.2.4"
  resolved "https://registry.yarnpkg.com/asn1/-/asn1-0.2.4.tgz#8d2475dfab553bb33e77b54e59e880bb8ce23136"
  integrity sha512-jxwzQpLQjSmWXgwaCZE9Nz+glAG01yF1QnWgbhGwHI5A6FRIEY6IVqtHhIepHqI7/kyEyQEagBC5mBEFlIYvdg==
  dependencies:
    safer-buffer "~2.1.0"

assert-plus@1.0.0, assert-plus@^1.0.0:
  version "1.0.0"
  resolved "https://registry.yarnpkg.com/assert-plus/-/assert-plus-1.0.0.tgz#f12e0f3c5d77b0b1cdd9146942e4e96c1e4dd525"
  integrity sha1-8S4PPF13sLHN2RRpQuTpbB5N1SU=

asynckit@^0.4.0:
  version "0.4.0"
  resolved "https://registry.yarnpkg.com/asynckit/-/asynckit-0.4.0.tgz#c79ed97f7f34cb8f2ba1bc9790bcc366474b4b79"
  integrity sha1-x57Zf380y48robyXkLzDZkdLS3k=

aws-sign2@~0.7.0:
  version "0.7.0"
  resolved "https://registry.yarnpkg.com/aws-sign2/-/aws-sign2-0.7.0.tgz#b46e890934a9591f2d2f6f86d7e6a9f1b3fe76a8"
  integrity sha1-tG6JCTSpWR8tL2+G1+ap8bP+dqg=

aws4@^1.8.0:
  version "1.11.0"
  resolved "https://registry.yarnpkg.com/aws4/-/aws4-1.11.0.tgz#d61f46d83b2519250e2784daf5b09479a8b41c59"
  integrity sha512-xh1Rl34h6Fi1DC2WWKfxUTVqRsNnr6LsKz2+hfwDxQJWmrx8+c7ylaqBMcHfl1U1r2dsifOvKX3LQuLNZ+XSvA==

axios@^0.21.0:
  version "0.21.1"
  resolved "https://registry.yarnpkg.com/axios/-/axios-0.21.1.tgz#22563481962f4d6bde9a76d516ef0e5d3c09b2b8"
  integrity sha512-dKQiRHxGD9PPRIUNIWvZhPTPpl1rf/OxTYKsqKUDjBwYylTvV7SjSHJb9ratfyzM6wCdLCOYLzs73qpg5c4iGA==
  dependencies:
    follow-redirects "^1.10.0"

bcrypt-pbkdf@^1.0.0:
  version "1.0.2"
  resolved "https://registry.yarnpkg.com/bcrypt-pbkdf/-/bcrypt-pbkdf-1.0.2.tgz#a4301d389b6a43f9b67ff3ca11a3f6637e360e9e"
  integrity sha1-pDAdOJtqQ/m2f/PKEaP2Y342Dp4=
  dependencies:
    tweetnacl "^0.14.3"

bluebird@^3.1.5:
  version "3.7.2"
  resolved "https://registry.yarnpkg.com/bluebird/-/bluebird-3.7.2.tgz#9f229c15be272454ffa973ace0dbee79a1b0c36f"
  integrity sha512-XpNj6GDQzdfW+r2Wnn7xiSAd7TM3jzkxGXBGTtWKuSXv1xUV+azxAm8jdWZN06QTQk+2N2XB9jRDkvbmQmcRtg==

bowser@^2.11.0:
  version "2.11.0"
  resolved "https://registry.yarnpkg.com/bowser/-/bowser-2.11.0.tgz#5ca3c35757a7aa5771500c70a73a9f91ef420a8f"
  integrity sha512-AlcaJBi/pqqJBIQ8U9Mcpc9i8Aqxn88Skv5d+xBX006BY5u8N3mGLHa5Lgppa7L/HfwgwLgZ6NYs+Ag6uUmJRA==

caseless@~0.12.0:
  version "0.12.0"
  resolved "https://registry.yarnpkg.com/caseless/-/caseless-0.12.0.tgz#1b681c21ff84033c826543090689420d187151dc"
  integrity sha1-G2gcIf+EAzyCZUMJBolCDRhxUdw=

combined-stream@^1.0.6, combined-stream@~1.0.6:
  version "1.0.8"
  resolved "https://registry.yarnpkg.com/combined-stream/-/combined-stream-1.0.8.tgz#c3d45a8b34fd730631a110a8a2520682b31d5a7f"
  integrity sha512-FQN4MRfuJeHf7cBbBMJFXhKSDq+2kAArBlmRBvcvFE5BB1HZKXtSFASDhdlz9zOYwxh8lDdnvmMOe/+5cdoEdg==
  dependencies:
    delayed-stream "~1.0.0"

core-util-is@1.0.2:
  version "1.0.2"
  resolved "https://registry.yarnpkg.com/core-util-is/-/core-util-is-1.0.2.tgz#b5fd54220aa2bc5ab57aab7140c940754503c1a7"
  integrity sha1-tf1UIgqivFq1eqtxQMlAdUUDwac=

dashdash@^1.12.0:
  version "1.14.1"
  resolved "https://registry.yarnpkg.com/dashdash/-/dashdash-1.14.1.tgz#853cfa0f7cbe2fed5de20326b8dd581035f6e2f0"
  integrity sha1-hTz6D3y+L+1d4gMmuN1YEDX24vA=
  dependencies:
    assert-plus "^1.0.0"

delayed-stream@~1.0.0:
  version "1.0.0"
  resolved "https://registry.yarnpkg.com/delayed-stream/-/delayed-stream-1.0.0.tgz#df3ae199acadfb7d440aaae0b29e2272b24ec619"
  integrity sha1-3zrhmayt+31ECqrgsp4icrJOxhk=

ecc-jsbn@~0.1.1:
  version "0.1.2"
  resolved "https://registry.yarnpkg.com/ecc-jsbn/-/ecc-jsbn-0.1.2.tgz#3a83a904e54353287874c564b7549386849a98c9"
  integrity sha1-OoOpBOVDUyh4dMVkt1SThoSamMk=
  dependencies:
    jsbn "~0.1.0"
    safer-buffer "^2.1.0"

entities@2.2.0:
  version "2.2.0"
  resolved "https://registry.yarnpkg.com/entities/-/entities-2.2.0.tgz#098dc90ebb83d8dffa089d55256b351d34c4da55"
  integrity sha512-p92if5Nz619I0w+akJrLZH0MX0Pb5DX39XOwQTtXSdQQOaYH03S1uIQp4mhOZtAXrxq4ViO67YTiLBo2638o9A==

extend@~3.0.2:
  version "3.0.2"
  resolved "https://registry.yarnpkg.com/extend/-/extend-3.0.2.tgz#f8b1136b4071fbd8eb140aff858b1019ec2915fa"
  integrity sha512-fjquC59cD7CyW6urNXK0FBufkZcoiGG80wTuPujX590cB5Ttln20E2UB4S/WARVqhXffZl2LNgS+gQdPIIim/g==

extsprintf@1.3.0:
  version "1.3.0"
  resolved "https://registry.yarnpkg.com/extsprintf/-/extsprintf-1.3.0.tgz#96918440e3041a7a414f8c52e3c574eb3c3e1e05"
  integrity sha1-lpGEQOMEGnpBT4xS48V06zw+HgU=

extsprintf@^1.2.0:
  version "1.4.0"
  resolved "https://registry.yarnpkg.com/extsprintf/-/extsprintf-1.4.0.tgz#e2689f8f356fad62cca65a3a91c5df5f9551692f"
  integrity sha1-4mifjzVvrWLMplo6kcXfX5VRaS8=

fast-deep-equal@^3.1.1:
  version "3.1.3"
  resolved "https://registry.yarnpkg.com/fast-deep-equal/-/fast-deep-equal-3.1.3.tgz#3a7d56b559d6cbc3eb512325244e619a65c6c525"
  integrity sha512-f3qQ9oQy9j2AhBe/H9VC91wLmKBCCU/gDOnKNAYG5hswO7BLKj09Hc5HYNz9cGI++xlpDCIgDaitVs03ATR84Q==

fast-json-stable-stringify@^2.0.0:
  version "2.1.0"
  resolved "https://registry.yarnpkg.com/fast-json-stable-stringify/-/fast-json-stable-stringify-2.1.0.tgz#874bf69c6f404c2b5d99c481341399fd55892633"
  integrity sha512-lhd/wF+Lk98HZoTCtlVraHtfh5XYijIjalXck7saUtuanSDyLMxnHhSXEDJqHxD7msR8D0uCmqlkwjCV8xvwHw==

fast-xml-parser@3.19.0:
  version "3.19.0"
  resolved "https://registry.yarnpkg.com/fast-xml-parser/-/fast-xml-parser-3.19.0.tgz#cb637ec3f3999f51406dd8ff0e6fc4d83e520d01"
  integrity sha512-4pXwmBplsCPv8FOY1WRakF970TjNGnGnfbOnLqjlYvMiF1SR3yOHyxMR/YCXpPTOspNF5gwudqktIP4VsWkvBg==

follow-redirects@^1.10.0:
  version "1.14.2"
  resolved "https://registry.yarnpkg.com/follow-redirects/-/follow-redirects-1.14.2.tgz#cecb825047c00f5e66b142f90fed4f515dec789b"
  integrity sha512-yLR6WaE2lbF0x4K2qE2p9PEXKLDjUjnR/xmjS3wHAYxtlsI9MLLBJUZirAHKzUZDGLxje7w/cXR49WOUo4rbsA==

forever-agent@~0.6.1:
  version "0.6.1"
  resolved "https://registry.yarnpkg.com/forever-agent/-/forever-agent-0.6.1.tgz#fbc71f0c41adeb37f96c577ad1ed42d8fdacca91"
  integrity sha1-+8cfDEGt6zf5bFd60e1C2P2sypE=

form-data@~2.3.2:
  version "2.3.3"
  resolved "https://registry.yarnpkg.com/form-data/-/form-data-2.3.3.tgz#dcce52c05f644f298c6a7ab936bd724ceffbf3a6"
  integrity sha512-1lLKB2Mu3aGP1Q/2eCOx0fNbRMe7XdwktwOruhfqqd0rIJWwN4Dh+E3hrPSlDCXnSR7UtZ1N38rVXm+6+MEhJQ==
  dependencies:
    asynckit "^0.4.0"
    combined-stream "^1.0.6"
    mime-types "^2.1.12"

getpass@^0.1.1:
  version "0.1.7"
  resolved "https://registry.yarnpkg.com/getpass/-/getpass-0.1.7.tgz#5eff8e3e684d569ae4cb2b1282604e8ba62149fa"
  integrity sha1-Xv+OPmhNVprkyysSgmBOi6YhSfo=
  dependencies:
    assert-plus "^1.0.0"

har-schema@^2.0.0:
  version "2.0.0"
  resolved "https://registry.yarnpkg.com/har-schema/-/har-schema-2.0.0.tgz#a94c2224ebcac04782a0d9035521f24735b7ec92"
  integrity sha1-qUwiJOvKwEeCoNkDVSHyRzW37JI=

har-validator@~5.1.3:
  version "5.1.5"
  resolved "https://registry.yarnpkg.com/har-validator/-/har-validator-5.1.5.tgz#1f0803b9f8cb20c0fa13822df1ecddb36bde1efd"
  integrity sha512-nmT2T0lljbxdQZfspsno9hgrG3Uir6Ks5afism62poxqBM6sDnMEuPmzTq8XN0OEwqKLLdh1jQI3qyE66Nzb3w==
  dependencies:
    ajv "^6.12.3"
    har-schema "^2.0.0"

http-signature@~1.2.0:
  version "1.2.0"
  resolved "https://registry.yarnpkg.com/http-signature/-/http-signature-1.2.0.tgz#9aecd925114772f3d95b65a60abb8f7c18fbace1"
  integrity sha1-muzZJRFHcvPZW2WmCruPfBj7rOE=
  dependencies:
    assert-plus "^1.0.0"
    jsprim "^1.2.2"
    sshpk "^1.7.0"

is-typedarray@~1.0.0:
  version "1.0.0"
  resolved "https://registry.yarnpkg.com/is-typedarray/-/is-typedarray-1.0.0.tgz#e479c80858df0c1b11ddda6940f96011fcda4a9a"
  integrity sha1-5HnICFjfDBsR3dppQPlgEfzaSpo=

isstream@~0.1.2:
  version "0.1.2"
  resolved "https://registry.yarnpkg.com/isstream/-/isstream-0.1.2.tgz#47e63f7af55afa6f92e1500e690eb8b8529c099a"
  integrity sha1-R+Y/evVa+m+S4VAOaQ64uFKcCZo=

jsbn@~0.1.0:
  version "0.1.1"
  resolved "https://registry.yarnpkg.com/jsbn/-/jsbn-0.1.1.tgz#a5e654c2e5a2deb5f201d96cefbca80c0ef2f513"
  integrity sha1-peZUwuWi3rXyAdls77yoDA7y9RM=

json-schema-traverse@^0.4.1:
  version "0.4.1"
  resolved "https://registry.yarnpkg.com/json-schema-traverse/-/json-schema-traverse-0.4.1.tgz#69f6a87d9513ab8bb8fe63bdb0979c448e684660"
  integrity sha512-xbbCH5dCYU5T8LcEhhuh7HJ88HXuW3qsI3Y0zOZFKfZEHcpWiHU/Jxzk629Brsab/mMiHQti9wMP+845RPe3Vg==

json-schema@0.2.3:
  version "0.2.3"
  resolved "https://registry.yarnpkg.com/json-schema/-/json-schema-0.2.3.tgz#b480c892e59a2f05954ce727bd3f2a4e882f9e13"
  integrity sha1-tIDIkuWaLwWVTOcnvT8qTogvnhM=

json-stringify-safe@~5.0.1:
  version "5.0.1"
  resolved "https://registry.yarnpkg.com/json-stringify-safe/-/json-stringify-safe-5.0.1.tgz#1296a2d58fd45f19a0f6ce01d65701e2c735b6eb"
  integrity sha1-Epai1Y/UXxmg9s4B1lcB4sc1tus=

jsprim@^1.2.2:
  version "1.4.1"
  resolved "https://registry.yarnpkg.com/jsprim/-/jsprim-1.4.1.tgz#313e66bc1e5cc06e438bc1b7499c2e5c56acb6a2"
  integrity sha1-MT5mvB5cwG5Di8G3SZwuXFastqI=
  dependencies:
    assert-plus "1.0.0"
    extsprintf "1.3.0"
    json-schema "0.2.3"
    verror "1.10.0"

luxon@^2.0.2:
  version "2.0.2"
  resolved "https://registry.yarnpkg.com/luxon/-/luxon-2.0.2.tgz#11f2cd4a11655fdf92e076b5782d7ede5bcdd133"
  integrity sha512-ZRioYLCgRHrtTORaZX1mx+jtxKtKuI5ZDvHNAmqpUzGqSrR+tL4FVLn/CUGMA3h0+AKD1MAxGI5GnCqR5txNqg==

mime-db@1.49.0:
  version "1.49.0"
  resolved "https://registry.yarnpkg.com/mime-db/-/mime-db-1.49.0.tgz#f3dfde60c99e9cf3bc9701d687778f537001cbed"
  integrity sha512-CIc8j9URtOVApSFCQIF+VBkX1RwXp/oMMOrqdyXSBXq5RWNEsRfyj1kiRnQgmNXmHxPoFIxOroKA3zcU9P+nAA==

mime-types@^2.1.12, mime-types@~2.1.19:
  version "2.1.32"
  resolved "https://registry.yarnpkg.com/mime-types/-/mime-types-2.1.32.tgz#1d00e89e7de7fe02008db61001d9e02852670fd5"
  integrity sha512-hJGaVS4G4c9TSMYh2n6SQAGrC4RnfU+daP8G7cSCmaqNjiOoUY0VHCMS42pxnQmVF1GWwFhbHWn3RIxCqTmZ9A==
  dependencies:
    mime-db "1.49.0"

mime@^1.3.4:
  version "1.6.0"
  resolved "https://registry.yarnpkg.com/mime/-/mime-1.6.0.tgz#32cd9e5c64553bd58d19a568af452acff04981b1"
  integrity sha512-x0Vn8spI+wuJ1O6S7gnbaQg8Pxh4NNHb7KSINmEWKiPE4RKOplvijn+NkmYmmRgP68mc70j2EbeTFRsrswaQeg==

mnemonist@0.38.3:
  version "0.38.3"
  resolved "https://registry.yarnpkg.com/mnemonist/-/mnemonist-0.38.3.tgz#35ec79c1c1f4357cfda2fe264659c2775ccd7d9d"
  integrity sha512-2K9QYubXx/NAjv4VLq1d1Ly8pWNC5L3BrixtdkyTegXWJIqY+zLNDhhX/A+ZwWt70tB1S8H4BE8FLYEFyNoOBw==
  dependencies:
    obliterator "^1.6.1"

node-fetch@2.x:
  version "2.6.5"
  resolved "https://registry.yarnpkg.com/node-fetch/-/node-fetch-2.6.5.tgz#42735537d7f080a7e5f78b6c549b7146be1742fd"
  integrity sha512-mmlIVHJEu5rnIxgEgez6b9GgWXbkZj5YZ7fx+2r94a2E+Uirsp6HsPTPlomfdHtpt/B0cdKviwkoaM6pyvUOpQ==
  dependencies:
    whatwg-url "^5.0.0"

oauth-sign@~0.9.0:
  version "0.9.0"
  resolved "https://registry.yarnpkg.com/oauth-sign/-/oauth-sign-0.9.0.tgz#47a7b016baa68b5fa0ecf3dee08a85c679ac6455"
  integrity sha512-fexhUFFPTGV8ybAtSIGbV6gOkSv8UtRbDBnAyLQw4QPKkgNlsH2ByPGtMUqdWkos6YCRmAqViwgZrJc/mRDzZQ==

obliterator@^1.6.1:
  version "1.6.1"
  resolved "https://registry.yarnpkg.com/obliterator/-/obliterator-1.6.1.tgz#dea03e8ab821f6c4d96a299e17aef6a3af994ef3"
  integrity sha512-9WXswnqINnnhOG/5SLimUlzuU1hFJUc8zkwyD59Sd+dPOMf05PmnYG/d6Q7HZ+KmgkZJa1PxRso6QdM3sTNHig==

performance-now@^2.1.0:
  version "2.1.0"
  resolved "https://registry.yarnpkg.com/performance-now/-/performance-now-2.1.0.tgz#6309f4e0e5fa913ec1c69307ae364b4b377c9e7b"
  integrity sha1-Ywn04OX6kT7BxpMHrjZLSzd8nns=

psl@^1.1.28:
  version "1.8.0"
  resolved "https://registry.yarnpkg.com/psl/-/psl-1.8.0.tgz#9326f8bcfb013adcc005fdff056acce020e51c24"
  integrity sha512-RIdOzyoavK+hA18OGGWDqUTsCLhtA7IcZ/6NCs4fFJaHBDab+pDDmDIByWFRQJq2Cd7r1OoQxBGKOaztq+hjIQ==

punycode@^2.1.0, punycode@^2.1.1:
  version "2.1.1"
  resolved "https://registry.yarnpkg.com/punycode/-/punycode-2.1.1.tgz#b58b010ac40c22c5657616c8d2c2c02c7bf479ec"
  integrity sha512-XRsRjdf+j5ml+y/6GKHPZbrF/8p2Yga0JPtdqTIY2Xe5ohJPD9saDJJLPvp9+NSBprVvevdXZybnj2cv8OEd0A==

qs@~6.5.2:
  version "6.5.2"
  resolved "https://registry.yarnpkg.com/qs/-/qs-6.5.2.tgz#cb3ae806e8740444584ef154ce8ee98d403f3e36"
  integrity sha512-N5ZAX4/LxJmF+7wN74pUD6qAh9/wnvdQcjq9TZjevvXzSUo7bfmw91saqMjzGS2xq91/odN2dW/WOl7qQHNDGA==

request@^2.68.0:
  version "2.88.2"
  resolved "https://registry.yarnpkg.com/request/-/request-2.88.2.tgz#d73c918731cb5a87da047e207234146f664d12b3"
  integrity sha512-MsvtOrfG9ZcrOwAW+Qi+F6HbD0CWXEh9ou77uOb7FM2WPhwT7smM833PzanhJLsgXjN89Ir6V2PczXNnMpwKhw==
  dependencies:
    aws-sign2 "~0.7.0"
    aws4 "^1.8.0"
    caseless "~0.12.0"
    combined-stream "~1.0.6"
    extend "~3.0.2"
    forever-agent "~0.6.1"
    form-data "~2.3.2"
    har-validator "~5.1.3"
    http-signature "~1.2.0"
    is-typedarray "~1.0.0"
    isstream "~0.1.2"
    json-stringify-safe "~5.0.1"
    mime-types "~2.1.19"
    oauth-sign "~0.9.0"
    performance-now "^2.1.0"
    qs "~6.5.2"
    safe-buffer "^5.1.2"
    tough-cookie "~2.5.0"
    tunnel-agent "^0.6.0"
    uuid "^3.3.2"

safe-buffer@^5.0.1, safe-buffer@^5.1.2:
  version "5.2.1"
  resolved "https://registry.yarnpkg.com/safe-buffer/-/safe-buffer-5.2.1.tgz#1eaf9fa9bdb1fdd4ec75f58f9cdb4e6b7827eec6"
  integrity sha512-rp3So07KcdmmKbGvgaNxQSJr7bGVSVk5S9Eq1F+ppbRo70+YeaDxkw5Dd8NPN+GD6bjnYm2VuPuCXmpuYvmCXQ==

safer-buffer@^2.0.2, safer-buffer@^2.1.0, safer-buffer@~2.1.0:
  version "2.1.2"
  resolved "https://registry.yarnpkg.com/safer-buffer/-/safer-buffer-2.1.2.tgz#44fa161b0187b9549dd84bb91802f9bd8385cd6a"
  integrity sha512-YZo3K82SD7Riyi0E1EQPojLz7kpepnSQI9IyPbHHg1XXXevb5dJI7tpyN2ADxGcQbHG7vcyRHk0cbwqcQriUtg==

sshpk@^1.7.0:
  version "1.16.1"
  resolved "https://registry.yarnpkg.com/sshpk/-/sshpk-1.16.1.tgz#fb661c0bef29b39db40769ee39fa70093d6f6877"
  integrity sha512-HXXqVUq7+pcKeLqqZj6mHFUMvXtOJt1uoUx09pFW6011inTMxqI8BA8PM95myrIyyKwdnzjdFjLiE6KBPVtJIg==
  dependencies:
    asn1 "~0.2.3"
    assert-plus "^1.0.0"
    bcrypt-pbkdf "^1.0.0"
    dashdash "^1.12.0"
    ecc-jsbn "~0.1.1"
    getpass "^0.1.1"
    jsbn "~0.1.0"
    safer-buffer "^2.0.2"
    tweetnacl "~0.14.0"

tough-cookie@~2.5.0:
  version "2.5.0"
  resolved "https://registry.yarnpkg.com/tough-cookie/-/tough-cookie-2.5.0.tgz#cd9fb2a0aa1d5a12b473bd9fb96fa3dcff65ade2"
  integrity sha512-nlLsUzgm1kfLXSXfRZMc1KLAugd4hqJHDTvc2hDIwS3mZAfMEuMbc03SujMF+GEcpaX/qboeycw6iO8JwVv2+g==
  dependencies:
    psl "^1.1.28"
    punycode "^2.1.1"

tr46@~0.0.3:
  version "0.0.3"
  resolved "https://registry.yarnpkg.com/tr46/-/tr46-0.0.3.tgz#8184fd347dac9cdc185992f3a6622e14b9d9ab6a"
  integrity sha1-gYT9NH2snNwYWZLzpmIuFLnZq2o=

tslib@^1.11.1:
  version "1.14.1"
  resolved "https://registry.yarnpkg.com/tslib/-/tslib-1.14.1.tgz#cf2d38bdc34a134bcaf1091c41f6619e2f672d00"
  integrity sha512-Xni35NKzjgMrwevysHTCArtLDpPvye8zV/0E4EyYn43P7/7qvQwPh9BGkHewbMulVntbigmcT7rdX3BNo9wRJg==

tslib@^2.3.0:
  version "2.3.1"
  resolved "https://registry.yarnpkg.com/tslib/-/tslib-2.3.1.tgz#e8a335add5ceae51aa261d32a490158ef042ef01"
  integrity sha512-77EbyPPpMz+FRFRuAFlWMtmgUWGe9UOG2Z25NqCwiIjRhOf5iKGuzSe5P2w1laq+FkRy4p+PCuVkJSGkzTEKVw==

tunnel-agent@^0.6.0:
  version "0.6.0"
  resolved "https://registry.yarnpkg.com/tunnel-agent/-/tunnel-agent-0.6.0.tgz#27a5dea06b36b04a0a9966774b290868f0fc40fd"
  integrity sha1-J6XeoGs2sEoKmWZ3SykIaPD8QP0=
  dependencies:
    safe-buffer "^5.0.1"

tweetnacl@^0.14.3, tweetnacl@~0.14.0:
  version "0.14.5"
  resolved "https://registry.yarnpkg.com/tweetnacl/-/tweetnacl-0.14.5.tgz#5ae68177f192d4456269d108afa93ff8743f4f64"
  integrity sha1-WuaBd/GS1EViadEIr6k/+HQ/T2Q=

twit@^2.2.11:
  version "2.2.11"
  resolved "https://registry.yarnpkg.com/twit/-/twit-2.2.11.tgz#554343d1cf343ddf503280db821f61be5ab407c3"
  integrity sha512-BkdwvZGRVoUTcEBp0zuocuqfih4LB+kEFUWkWJOVBg6pAE9Ebv9vmsYTTrfXleZGf45Bj5H3A1/O9YhF2uSYNg==
  dependencies:
    bluebird "^3.1.5"
    mime "^1.3.4"
    request "^2.68.0"

uri-js@^4.2.2:
  version "4.4.1"
  resolved "https://registry.yarnpkg.com/uri-js/-/uri-js-4.4.1.tgz#9b1a52595225859e55f669d928f88c6c57f2a77e"
  integrity sha512-7rKUyy33Q1yc98pQ1DAmLtwX109F7TIfWlW1Ydo8Wl1ii1SeHieeh0HHfPeL2fMXK6z0s8ecKs9frCuLJvndBg==
  dependencies:
    punycode "^2.1.0"

uuid@^3.3.2:
  version "3.4.0"
  resolved "https://registry.yarnpkg.com/uuid/-/uuid-3.4.0.tgz#b23e4358afa8a202fe7a100af1f5f883f02007ee"
  integrity sha512-HjSDRw6gZE5JMggctHBcjVak08+KEVhSIiDzFnT9S9aegmp85S/bReBVTb4QTFaRNptJ9kuYaNhnbNEOkbKb/A==

uuid@^8.3.2:
  version "8.3.2"
  resolved "https://registry.yarnpkg.com/uuid/-/uuid-8.3.2.tgz#80d5b5ced271bb9af6c445f21a1a04c606cefbe2"
  integrity sha512-+NYs2QeMWy+GWFOEm9xnn6HCDp0l7QBD7ml8zLUmJ+93Q5NF0NocErnwkTkXVFNiX3/fpC6afS8Dhb/gz7R7eg==

verror@1.10.0:
  version "1.10.0"
  resolved "https://registry.yarnpkg.com/verror/-/verror-1.10.0.tgz#3a105ca17053af55d6e270c1f8288682e18da400"
  integrity sha1-OhBcoXBTr1XW4nDB+CiGguGNpAA=
  dependencies:
    assert-plus "^1.0.0"
    core-util-is "1.0.2"
    extsprintf "^1.2.0"

webidl-conversions@^3.0.0:
  version "3.0.1"
  resolved "https://registry.yarnpkg.com/webidl-conversions/-/webidl-conversions-3.0.1.tgz#24534275e2a7bc6be7bc86611cc16ae0a5654871"
  integrity sha1-JFNCdeKnvGvnvIZhHMFq4KVlSHE=

whatwg-url@^5.0.0:
  version "5.0.0"
  resolved "https://registry.yarnpkg.com/whatwg-url/-/whatwg-url-5.0.0.tgz#966454e8765462e37644d3626f6742ce8b70965d"
  integrity sha1-lmRU6HZUYuN2RNNib2dCzotwll0=
  dependencies:
    tr46 "~0.0.3"
    webidl-conversions "^3.0.0"
